// !$*UTF8*$!
{
	archiveVersion = 1;
	classes = {
	};
	objectVersion = 46;
	objects = {

/* Begin PBXBuildFile section */
		BACD4ACE1C79279900156C30 /* AppDelegate.swift in Sources */ = {isa = PBXBuildFile; fileRef = BACD4ACD1C79279900156C30 /* AppDelegate.swift */; };
		BACD4AD01C79279900156C30 /* ViewController.swift in Sources */ = {isa = PBXBuildFile; fileRef = BACD4ACF1C79279900156C30 /* ViewController.swift */; };
		BACD4AD31C79279900156C30 /* Main.storyboard in Resources */ = {isa = PBXBuildFile; fileRef = BACD4AD11C79279900156C30 /* Main.storyboard */; };
		BACD4AD61C79279900156C30 /* ListSample_001.xcdatamodeld in Sources */ = {isa = PBXBuildFile; fileRef = BACD4AD41C79279900156C30 /* ListSample_001.xcdatamodeld */; };
		BACD4AD81C79279900156C30 /* Assets.xcassets in Resources */ = {isa = PBXBuildFile; fileRef = BACD4AD71C79279900156C30 /* Assets.xcassets */; };
		BACD4ADB1C79279900156C30 /* LaunchScreen.storyboard in Resources */ = {isa = PBXBuildFile; fileRef = BACD4AD91C79279900156C30 /* LaunchScreen.storyboard */; };
/* End PBXBuildFile section */

/* Begin PBXFileReference section */
		BACD4ACA1C79279900156C30 /* ListSample_001.app */ = {isa = PBXFileReference; explicitFileType = wrapper.application; includeInIndex = 0; path = ListSample_001.app; sourceTree = BUILT_PRODUCTS_DIR; };
		BACD4ACD1C79279900156C30 /* AppDelegate.swift */ = {isa = PBXFileReference; lastKnownFileType = sourcecode.swift; path = AppDelegate.swift; sourceTree = "<group>"; };
		BACD4ACF1C79279900156C30 /* ViewController.swift */ = {isa = PBXFileReference; lastKnownFileType = sourcecode.swift; path = ViewController.swift; sourceTree = "<group>"; };
		BACD4AD21C79279900156C30 /* Base */ = {isa = PBXFileReference; lastKnownFileType = file.storyboard; name = Base; path = Base.lproj/Main.storyboard; sourceTree = "<group>"; };
		BACD4AD51C79279900156C30 /* ListSample_001.xcdatamodel */ = {isa = PBXFileReference; lastKnownFileType = wrapper.xcdatamodel; path = ListSample_001.xcdatamodel; sourceTree = "<group>"; };
		BACD4AD71C79279900156C30 /* Assets.xcassets */ = {isa = PBXFileReference; lastKnownFileType = folder.assetcatalog; path = Assets.xcassets; sourceTree = "<group>"; };
		BACD4ADA1C79279900156C30 /* Base */ = {isa = PBXFileReference; lastKnownFileType = file.storyboard; name = Base; path = Base.lproj/LaunchScreen.storyboard; sourceTree = "<group>"; };
		BACD4ADC1C79279900156C30 /* Info.plist */ = {isa = PBXFileReference; lastKnownFileType = text.plist.xml; path = Info.plist; sourceTree = "<group>"; };
/* End PBXFileReference section */

/* Begin PBXFrameworksBuildPhase section */
		BACD4AC71C79279900156C30 /* Frameworks */ = {
			isa = PBXFrameworksBuildPhase;
			buildActionMask = 2147483647;
			files = (
			);
			runOnlyForDeploymentPostprocessing = 0;
		};
/* End PBXFrameworksBuildPhase section */

/* Begin PBXGroup section */
		BACD4AC11C79279900156C30 = {
			isa = PBXGroup;
			children = (
				BACD4ACC1C79279900156C30 /* ListSample_001 */,
				BACD4ACB1C79279900156C30 /* Products */,
			);
			sourceTree = "<group>";
		};
		BACD4ACB1C79279900156C30 /* Products */ = {
			isa = PBXGroup;
			children = (
				BACD4ACA1C79279900156C30 /* ListSample_001.app */,
			);
			name = Products;
			sourceTree = "<group>";
		};
		BACD4ACC1C79279900156C30 /* ListSample_001 */ = {
			isa = PBXGroup;
			children = (
				BACD4ACD1C79279900156C30 /* AppDelegate.swift */,
				BACD4ACF1C79279900156C30 /* ViewController.swift */,
				BACD4AD11C79279900156C30 /* Main.storyboard */,
				BACD4AD71C79279900156C30 /* Assets.xcassets */,
				BACD4AD91C79279900156C30 /* LaunchScreen.storyboard */,
				BACD4ADC1C79279900156C30 /* Info.plist */,
				BACD4AD41C79279900156C30 /* ListSample_001.xcdatamodeld */,
			);
			path = ListSample_001;
			sourceTree = "<group>";
		};
/* End PBXGroup section */

/* Begin PBXNativeTarget section */
		BACD4AC91C79279900156C30 /* ListSample_001 */ = {
			isa = PBXNativeTarget;
			buildConfigurationList = BACD4ADF1C79279900156C30 /* Build configuration list for PBXNativeTarget "ListSample_001" */;
			buildPhases = (
				BACD4AC61C79279900156C30 /* Sources */,
				BACD4AC71C79279900156C30 /* Frameworks */,
				BACD4AC81C79279900156C30 /* Resources */,
			);
			buildRules = (
			);
			dependencies = (
			);
			name = ListSample_001;
			productName = ListSample_001;
			productReference = BACD4ACA1C79279900156C30 /* ListSample_001.app */;
			productType = "com.apple.product-type.application";
		};
/* End PBXNativeTarget section */

/* Begin PBXProject section */
		BACD4AC21C79279900156C30 /* Project object */ = {
			isa = PBXProject;
			attributes = {
				LastSwiftUpdateCheck = 0720;
				LastUpgradeCheck = 0720;
				ORGANIZATIONNAME = "Hiroki Kameyama";
				TargetAttributes = {
					BACD4AC91C79279900156C30 = {
						CreatedOnToolsVersion = 7.2.1;
						DevelopmentTeam = HJACLDTNRG;
					};
				};
			};
			buildConfigurationList = BACD4AC51C79279900156C30 /* Build configuration list for PBXProject "ListSample_001" */;
			compatibilityVersion = "Xcode 3.2";
			developmentRegion = English;
			hasScannedForEncodings = 0;
			knownRegions = (
				en,
				Base,
			);
			mainGroup = BACD4AC11C79279900156C30;
			productRefGroup = BACD4ACB1C79279900156C30 /* Products */;
			projectDirPath = "";
			projectRoot = "";
			targets = (
				BACD4AC91C79279900156C30 /* ListSample_001 */,
			);
		};
/* End PBXProject section */

/* Begin PBXResourcesBuildPhase section */
		BACD4AC81C79279900156C30 /* Resources */ = {
			isa = PBXResourcesBuildPhase;
			buildActionMask = 2147483647;
			files = (
				BACD4ADB1C79279900156C30 /* LaunchScreen.storyboard in Resources */,
				BACD4AD81C79279900156C30 /* Assets.xcassets in Resources */,
				BACD4AD31C79279900156C30 /* Main.storyboard in Resources */,
			);
			runOnlyForDeploymentPostprocessing = 0;
		};
/* End PBXResourcesBuildPhase section */

/* Begin PBXSourcesBuildPhase section */
		BACD4AC61C79279900156C30 /* Sources */ = {
			isa = PBXSourcesBuildPhase;
			buildActionMask = 2147483647;
			files = (
				BACD4AD61C79279900156C30 /* ListSample_001.xcdatamodeld in Sources */,
				BACD4AD01C79279900156C30 /* ViewController.swift in Sources */,
				BACD4ACE1C79279900156C30 /* AppDelegate.swift in Sources */,
			);
			runOnlyForDeploymentPostprocessing = 0;
		};
/* End PBXSourcesBuildPhase section */

/* Begin PBXVariantGroup section */
		BACD4AD11C79279900156C30 /* Main.storyboard */ = {
			isa = PBXVariantGroup;
			children = (
				BACD4AD21C79279900156C30 /* Base */,
			);
			name = Main.storyboard;
			sourceTree = "<group>";
		};
		BACD4AD91C79279900156C30 /* LaunchScreen.storyboard */ = {
			isa = PBXVariantGroup;
			children = (
				BACD4ADA1C79279900156C30 /* Base */,
			);
			name = LaunchScreen.storyboard;
			sourceTree = "<group>";
		};
/* End PBXVariantGroup section */

/* Begin XCBuildConfiguration section */
		BACD4ADD1C79279900156C30 /* Debug */ = {
			isa = XCBuildConfiguration;
			buildSettings = {
				ALWAYS_SEARCH_USER_PATHS = NO;
				CLANG_CXX_LANGUAGE_STANDARD = "gnu++0x";
				CLANG_CXX_LIBRARY = "libc++";
				CLANG_ENABLE_MODULES = YES;
				CLANG_ENABLE_OBJC_ARC = YES;
				CLANG_WARN_BOOL_CONVERSION = YES;
				CLANG_WARN_CONSTANT_CONVERSION = YES;
				CLANG_WARN_DIRECT_OBJC_ISA_USAGE = YES_ERROR;
				CLANG_WARN_EMPTY_BODY = YES;
				CLANG_WARN_ENUM_CONVERSION = YES;
				CLANG_WARN_INT_CONVERSION = YES;
				CLANG_WARN_OBJC_ROOT_CLASS = YES_ERROR;
				CLANG_WARN_UNREACHABLE_CODE = YES;
				CLANG_WARN__DUPLICATE_METHOD_MATCH = YES;
				"CODE_SIGN_IDENTITY[sdk=iphoneos*]" = "iPhone Developer";
				COPY_PHASE_STRIP = NO;
				DEBUG_INFORMATION_FORMAT = dwarf;
				ENABLE_STRICT_OBJC_MSGSEND = YES;
				ENABLE_TESTABILITY = YES;
				GCC_C_LANGUAGE_STANDARD = gnu99;
				GCC_DYNAMIC_NO_PIC = NO;
				GCC_NO_COMMON_BLOCKS = YES;
				GCC_OPTIMIZATION_LEVEL = 0;
				GCC_PREPROCESSOR_DEFINITIONS = (
					"DEBUG=1",
					"$(inherited)",
				);
				GCC_WARN_64_TO_32_BIT_CONVERSION = YES;
				GCC_WARN_ABOUT_RETURN_TYPE = YES_ERROR;
				GCC_WARN_UNDECLARED_SELECTOR = YES;
				GCC_WARN_UNINITIALIZED_AUTOS = YES_AGGRESSIVE;
				GCC_WARN_UNUSED_FUNCTION = YES;
				GCC_WARN_UNUSED_VARIABLE = YES;
				IPHONEOS_DEPLOYMENT_TARGET = 9.2;
				MTL_ENABLE_DEBUG_INFO = YES;
				ONLY_ACTIVE_ARCH = YES;
				SDKROOT = iphoneos;
				SWIFT_OPTIMIZATION_LEVEL = "-Onone";
			};
			name = Debug;
		};
		BACD4ADE1C79279900156C30 /* Release */ = {
			isa = XCBuildConfiguration;
			buildSettings = {
				ALWAYS_SEARCH_USER_PATHS = NO;
				CLANG_CXX_LANGUAGE_STANDARD = "gnu++0x";
				CLANG_CXX_LIBRARY = "libc++";
				CLANG_ENABLE_MODULES = YES;
				CLANG_ENABLE_OBJC_ARC = YES;
				CLANG_WARN_BOOL_CONVERSION = YES;
				CLANG_WARN_CONSTANT_CONVERSION = YES;
				CLANG_WARN_DIRECT_OBJC_ISA_USAGE = YES_ERROR;
				CLANG_WARN_EMPTY_BODY = YES;
				CLANG_WARN_ENUM_CONVERSION = YES;
				CLANG_WARN_INT_CONVERSION = YES;
				CLANG_WARN_OBJC_ROOT_CLASS = YES_ERROR;
				CLANG_WARN_UNREACHABLE_CODE = YES;
				CLANG_WARN__DUPLICATE_METHOD_MATCH = YES;
				"CODE_SIGN_IDENTITY[sdk=iphoneos*]" = "iPhone Developer";
				COPY_PHASE_STRIP = NO;
				DEBUG_INFORMATION_FORMAT = "dwarf-with-dsym";
				ENABLE_NS_ASSERTIONS = NO;
				ENABLE_STRICT_OBJC_MSGSEND = YES;
				GCC_C_LANGUAGE_STANDARD = gnu99;
				GCC_NO_COMMON_BLOCKS = YES;
				GCC_WARN_64_TO_32_BIT_CONVERSION = YES;
				GCC_WARN_ABOUT_RETURN_TYPE = YES_ERROR;
				GCC_WARN_UNDECLARED_SELECTOR = YES;
				GCC_WARN_UNINITIALIZED_AUTOS = YES_AGGRESSIVE;
				GCC_WARN_UNUSED_FUNCTION = YES;
				GCC_WARN_UNUSED_VARIABLE = YES;
				IPHONEOS_DEPLOYMENT_TARGET = 9.2;
				MTL_ENABLE_DEBUG_INFO = NO;
				SDKROOT = iphoneos;
				VALIDATE_PRODUCT = YES;
			};
			name = Release;
		};
		BACD4AE01C79279900156C30 /* Debug */ = {
			isa = XCBuildConfiguration;
			buildSettings = {
				ASSETCATALOG_COMPILER_APPICON_NAME = AppIcon;
				INFOPLIST_FILE = ListSample_001/Info.plist;
				LD_RUNPATH_SEARCH_PATHS = "$(inherited) @executable_path/Frameworks";
				PRODUCT_BUNDLE_IDENTIFIER = "HK.ListSample-001";
				PRODUCT_NAME = "$(TARGET_NAME)";
			};
			name = Debug;
		};
		BACD4AE11C79279900156C30 /* Release */ = {
			isa = XCBuildConfiguration;
			buildSettings = {
				ASSETCATALOG_COMPILER_APPICON_NAME = AppIcon;
				INFOPLIST_FILE = ListSample_001/Info.plist;
				LD_RUNPATH_SEARCH_PATHS = "$(inherited) @executable_path/Frameworks";
				PRODUCT_BUNDLE_IDENTIFIER = "HK.ListSample-001";
				PRODUCT_NAME = "$(TARGET_NAME)";
			};
			name = Release;
		};
/* End XCBuildConfiguration section */

/* Begin XCConfigurationList section */
		BACD4AC51C79279900156C30 /* Build configuration list for PBXProject "ListSample_001" */ = {
			isa = XCConfigurationList;
			buildConfigurations = (
				BACD4ADD1C79279900156C30 /* Debug */,
				BACD4ADE1C79279900156C30 /* Release */,
			);
			defaultConfigurationIsVisible = 0;
			defaultConfigurationName = Release;
		};
		BACD4ADF1C79279900156C30 /* Build configuration list for PBXNativeTarget "ListSample_001" */ = {
			isa = XCConfigurationList;
			buildConfigurations = (
				BACD4AE01C79279900156C30 /* Debug */,
				BACD4AE11C79279900156C30 /* Release */,
			);
			defaultConfigurationIsVisible = 0;
		};
/* End XCConfigurationList section */

/* Begin XCVersionGroup section */
		BACD4AD41C79279900156C30 /* ListSample_001.xcdatamodeld */ = {
			isa = XCVersionGroup;
			children = (
				BACD4AD51C79279900156C30 /* ListSample_001.xcdatamodel */,
			);
			currentVersion = BACD4AD51C79279900156C30 /* ListSample_001.xcdatamodel */;
			path = ListSample_001.xcdatamodeld;
			sourceTree = "<group>";
			versionGroupType = wrapper.xcdatamodel;
		};
/* End XCVersionGroup section */
	};
	rootObject = BACD4AC21C79279900156C30 /* Project object */;
}
